
Microsoft Visual Studio Solution File, Format Version 12.00
# Visual Studio 15
VisualStudioVersion = 15.0.26730.16
MinimumVisualStudioVersion = 10.0.40219.1
Project("{FAE04EC0-301F-11D3-BF4B-00C04F79EFBC}") = "ExtraKerbals", "ExtraKerbals.csproj", "{B3769F47-5A16-43C9-995F-1B3B15BE97CC}"
EndProject
Project("{FAE04EC0-301F-11D3-BF4B-00C04F79EFBC}") = "ExtraKerbalsHeads", "ExtraKerbalsHeads.csproj", "{FB361FBD-D4BE-49AF-9626-05E8AB9B9B39}"
EndProject
Project("{FAE04EC0-301F-11D3-BF4B-00C04F79EFBC}") = "ExtraKerbalsSuits", "ExtraKerbalsSuits.csproj", "{60DFC6DB-49B6-4FF6-92E8-37CA77FC462B}"
EndProject
Global
	GlobalSection(SolutionConfigurationPlatforms) = preSolution
		Debug|Any CPU = Debug|Any CPU
		Release|Any CPU = Release|Any CPU
	EndGlobalSection
	GlobalSection(ProjectConfigurationPlatforms) = postSolution
		{B3769F47-5A16-43C9-995F-1B3B15BE97CC}.Debug|Any CPU.ActiveCfg = Debug|Any CPU
		{B3769F47-5A16-43C9-995F-1B3B15BE97CC}.Debug|Any CPU.Build.0 = Debug|Any CPU
		{B3769F47-5A16-43C9-995F-1B3B15BE97CC}.Release|Any CPU.ActiveCfg = Release|Any CPU
		{B3769F47-5A16-43C9-995F-1B3B15BE97CC}.Release|Any CPU.Build.0 = Release|Any CPU
		{FB361FBD-D4BE-49AF-9626-05E8AB9B9B39}.Debug|Any CPU.ActiveCfg = Debug|Any CPU
		{FB361FBD-D4BE-49AF-9626-05E8AB9B9B39}.Debug|Any CPU.Build.0 = Debug|Any CPU
		{FB361FBD-D4BE-49AF-9626-05E8AB9B9B39}.Release|Any CPU.ActiveCfg = Release|Any CPU
		{FB361FBD-D4BE-49AF-9626-05E8AB9B9B39}.Release|Any CPU.Build.0 = Release|Any CPU
		{60DFC6DB-49B6-4FF6-92E8-37CA77FC462B}.Debug|Any CPU.ActiveCfg = Debug|Any CPU
		{60DFC6DB-49B6-4FF6-92E8-37CA77FC462B}.Debug|Any CPU.Build.0 = Debug|Any CPU
		{60DFC6DB-49B6-4FF6-92E8-37CA77FC462B}.Release|Any CPU.ActiveCfg = Release|Any CPU
		{60DFC6DB-49B6-4FF6-92E8-37CA77FC462B}.Release|Any CPU.Build.0 = Release|Any CPU
	EndGlobalSection
	GlobalSection(SolutionProperties) = preSolution
		HideSolutionNode = FALSE
	EndGlobalSection
	GlobalSection(ExtensibilityGlobals) = postSolution
		SolutionGuid = {03B8E8E2-561A-43A0-8CB8-7CF84467F90A}
	EndGlobalSection
EndGlobal
